
Microsoft Visual Studio Solution File, Format Version 12.00
# Visual Studio Version 17
VisualStudioVersion = 17.5.002.0
MinimumVisualStudioVersion = 10.0.40219.1
Project("{9A19103F-16F7-4668-BE54-9A1E7A4F7556}") = "MyApp", "MyApp.csproj", "{0941876C-FEE4-4CAE-9DD5-5EC79D71DE77}"
EndProject
Global
	GlobalSection(SolutionConfigurationPlatforms) = preSolution
		Debug|Any CPU = Debug|Any CPU
		Release|Any CPU = Release|Any CPU
	EndGlobalSection
	GlobalSection(ProjectConfigurationPlatforms) = postSolution
		{0941876C-FEE4-4CAE-9DD5-5EC79D71DE77}.Debug|Any CPU.ActiveCfg = Debug|Any CPU
		{0941876C-FEE4-4CAE-9DD5-5EC79D71DE77}.Debug|Any CPU.Build.0 = Debug|Any CPU
		{0941876C-FEE4-4CAE-9DD5-5EC79D71DE77}.Release|Any CPU.ActiveCfg = Release|Any CPU
		{0941876C-FEE4-4CAE-9DD5-5EC79D71DE77}.Release|Any CPU.Build.0 = Release|Any CPU
	EndGlobalSection
	GlobalSection(SolutionProperties) = preSolution
		HideSolutionNode = FALSE
	EndGlobalSection
	GlobalSection(ExtensibilityGlobals) = postSolution
		SolutionGuid = {934CD1E5-E067-4CCD-B09C-57A6743F167A}
	EndGlobalSection
EndGlobal
